
Microsoft Visual Studio Solution File, Format Version 12.00
# Visual Studio Version 17
VisualStudioVersion = 17.14.36518.9 d17.14
MinimumVisualStudioVersion = 10.0.40219.1
Project("{FAE04EC0-301F-11D3-BF4B-00C04F79EFBC}") = "Algoritmos", "Algoritmos\Algoritmos.csproj", "{975A2F9B-C705-4F00-A168-DCB0E2DA6797}"
EndProject
Global
	GlobalSection(SolutionConfigurationPlatforms) = preSolution
		Debug|Any CPU = Debug|Any CPU
		Release|Any CPU = Release|Any CPU
	EndGlobalSection
	GlobalSection(ProjectConfigurationPlatforms) = postSolution
		{975A2F9B-C705-4F00-A168-DCB0E2DA6797}.Debug|Any CPU.ActiveCfg = Debug|Any CPU
		{975A2F9B-C705-4F00-A168-DCB0E2DA6797}.Debug|Any CPU.Build.0 = Debug|Any CPU
		{975A2F9B-C705-4F00-A168-DCB0E2DA6797}.Release|Any CPU.ActiveCfg = Release|Any CPU
		{975A2F9B-C705-4F00-A168-DCB0E2DA6797}.Release|Any CPU.Build.0 = Release|Any CPU
	EndGlobalSection
	GlobalSection(SolutionProperties) = preSolution
		HideSolutionNode = FALSE
	EndGlobalSection
	GlobalSection(ExtensibilityGlobals) = postSolution
		SolutionGuid = {B8C14ADA-9F6D-4F5E-8698-84AB928687A1}
	EndGlobalSection
EndGlobal
